// !$*UTF8*$!
{
	archiveVersion = 1;
	classes = {
	};
	objectVersion = 55;
	objects = {

/* Begin PBXBuildFile section */
		292BA64328901DCE00C5ABC4 /* MovieDetailViewController.swift in Sources */ = {isa = PBXBuildFile; fileRef = 292BA64228901DCE00C5ABC4 /* MovieDetailViewController.swift */; };
		294CB197288ED4BD008DD76B /* CastCrewTableViewController.swift in Sources */ = {isa = PBXBuildFile; fileRef = 294CB196288ED4BD008DD76B /* CastCrewTableViewController.swift */; };
		294CB199288EDF0E008DD76B /* CastCrewTableViewCell.swift in Sources */ = {isa = PBXBuildFile; fileRef = 294CB198288EDF0E008DD76B /* CastCrewTableViewCell.swift */; };
		294CB19B288F1FA2008DD76B /* HomeViewController.swift in Sources */ = {isa = PBXBuildFile; fileRef = 294CB19A288F1FA2008DD76B /* HomeViewController.swift */; };
		294CB19D288F383A008DD76B /* HomeCollectionViewCell.swift in Sources */ = {isa = PBXBuildFile; fileRef = 294CB19C288F383A008DD76B /* HomeCollectionViewCell.swift */; };
		29590D3B2888D36E00E351F4 /* PhotoViewController.swift in Sources */ = {isa = PBXBuildFile; fileRef = 29590D3A2888D36E00E351F4 /* PhotoViewController.swift */; };
		29590D3D2888D5EE00E351F4 /* PhotoTableViewCell.swift in Sources */ = {isa = PBXBuildFile; fileRef = 29590D3C2888D5EE00E351F4 /* PhotoTableViewCell.swift */; };
		29590DE92888FFAC00E351F4 /* Poppins-ExtraLight.ttf in Resources */ = {isa = PBXBuildFile; fileRef = 29590DD72888FFAC00E351F4 /* Poppins-ExtraLight.ttf */; };
		29590DEA2888FFAC00E351F4 /* Poppins-ThinItalic.ttf in Resources */ = {isa = PBXBuildFile; fileRef = 29590DD82888FFAC00E351F4 /* Poppins-ThinItalic.ttf */; };
		29590DEB2888FFAC00E351F4 /* Poppins-ExtraLightItalic.ttf in Resources */ = {isa = PBXBuildFile; fileRef = 29590DD92888FFAC00E351F4 /* Poppins-ExtraLightItalic.ttf */; };
		29590DEC2888FFAC00E351F4 /* Poppins-BoldItalic.ttf in Resources */ = {isa = PBXBuildFile; fileRef = 29590DDA2888FFAC00E351F4 /* Poppins-BoldItalic.ttf */; };
		29590DED2888FFAC00E351F4 /* Poppins-Light.ttf in Resources */ = {isa = PBXBuildFile; fileRef = 29590DDB2888FFAC00E351F4 /* Poppins-Light.ttf */; };
		29590DEE2888FFAC00E351F4 /* Poppins-Medium.ttf in Resources */ = {isa = PBXBuildFile; fileRef = 29590DDC2888FFAC00E351F4 /* Poppins-Medium.ttf */; };
		29590DEF2888FFAC00E351F4 /* Poppins-SemiBoldItalic.ttf in Resources */ = {isa = PBXBuildFile; fileRef = 29590DDD2888FFAC00E351F4 /* Poppins-SemiBoldItalic.ttf */; };
		29590DF02888FFAC00E351F4 /* Poppins-ExtraBoldItalic.ttf in Resources */ = {isa = PBXBuildFile; fileRef = 29590DDE2888FFAC00E351F4 /* Poppins-ExtraBoldItalic.ttf */; };
		29590DF12888FFAC00E351F4 /* Poppins-ExtraBold.ttf in Resources */ = {isa = PBXBuildFile; fileRef = 29590DDF2888FFAC00E351F4 /* Poppins-ExtraBold.ttf */; };
		29590DF22888FFAC00E351F4 /* Poppins-BlackItalic.ttf in Resources */ = {isa = PBXBuildFile; fileRef = 29590DE02888FFAC00E351F4 /* Poppins-BlackItalic.ttf */; };
		29590DF32888FFAC00E351F4 /* Poppins-Regular.ttf in Resources */ = {isa = PBXBuildFile; fileRef = 29590DE12888FFAC00E351F4 /* Poppins-Regular.ttf */; };
		29590DF42888FFAC00E351F4 /* Poppins-LightItalic.ttf in Resources */ = {isa = PBXBuildFile; fileRef = 29590DE22888FFAC00E351F4 /* Poppins-LightItalic.ttf */; };
		29590DF52888FFAC00E351F4 /* Poppins-Bold.ttf in Resources */ = {isa = PBXBuildFile; fileRef = 29590DE32888FFAC00E351F4 /* Poppins-Bold.ttf */; };
		29590DF62888FFAC00E351F4 /* Poppins-Black.ttf in Resources */ = {isa = PBXBuildFile; fileRef = 29590DE42888FFAC00E351F4 /* Poppins-Black.ttf */; };
		29590DF72888FFAC00E351F4 /* Poppins-Thin.ttf in Resources */ = {isa = PBXBuildFile; fileRef = 29590DE52888FFAC00E351F4 /* Poppins-Thin.ttf */; };
		29590DF82888FFAC00E351F4 /* Poppins-SemiBold.ttf in Resources */ = {isa = PBXBuildFile; fileRef = 29590DE62888FFAC00E351F4 /* Poppins-SemiBold.ttf */; };
		29590DF92888FFAC00E351F4 /* Poppins-Italic.ttf in Resources */ = {isa = PBXBuildFile; fileRef = 29590DE72888FFAC00E351F4 /* Poppins-Italic.ttf */; };
		29590DFA2888FFAC00E351F4 /* Poppins-MediumItalic.ttf in Resources */ = {isa = PBXBuildFile; fileRef = 29590DE82888FFAC00E351F4 /* Poppins-MediumItalic.ttf */; };
		299BBA2B287DCFDF00ADE88D /* AppDelegate.swift in Sources */ = {isa = PBXBuildFile; fileRef = 299BBA2A287DCFDF00ADE88D /* AppDelegate.swift */; };
		299BBA2D287DCFDF00ADE88D /* SceneDelegate.swift in Sources */ = {isa = PBXBuildFile; fileRef = 299BBA2C287DCFDF00ADE88D /* SceneDelegate.swift */; };
		299BBA2F287DCFDF00ADE88D /* ViewController.swift in Sources */ = {isa = PBXBuildFile; fileRef = 299BBA2E287DCFDF00ADE88D /* ViewController.swift */; };
		299BBA32287DCFDF00ADE88D /* Main.storyboard in Resources */ = {isa = PBXBuildFile; fileRef = 299BBA30287DCFDF00ADE88D /* Main.storyboard */; };
		299BBA34287DCFE100ADE88D /* Assets.xcassets in Resources */ = {isa = PBXBuildFile; fileRef = 299BBA33287DCFE100ADE88D /* Assets.xcassets */; };
		299BBA37287DCFE100ADE88D /* LaunchScreen.storyboard in Resources */ = {isa = PBXBuildFile; fileRef = 299BBA35287DCFE100ADE88D /* LaunchScreen.storyboard */; };
		299BBA40287DD16500ADE88D /* Genre.swift in Sources */ = {isa = PBXBuildFile; fileRef = 299BBA3F287DD16500ADE88D /* Genre.swift */; };
		299BBA42287DD18B00ADE88D /* Movie.swift in Sources */ = {isa = PBXBuildFile; fileRef = 299BBA41287DD18B00ADE88D /* Movie.swift */; };
		299BBA45287DD82500ADE88D /* MovieDatabase.swift in Sources */ = {isa = PBXBuildFile; fileRef = 299BBA44287DD82500ADE88D /* MovieDatabase.swift */; };
		2FCD81763BAF519AEA34FB74 /* Pods_CI_T_Movie_Database.framework in Frameworks */ = {isa = PBXBuildFile; fileRef = D5A61851E1101F994A0945CE /* Pods_CI_T_Movie_Database.framework */; };
/* End PBXBuildFile section */

/* Begin PBXFileReference section */
		292BA64228901DCE00C5ABC4 /* MovieDetailViewController.swift */ = {isa = PBXFileReference; lastKnownFileType = sourcecode.swift; path = MovieDetailViewController.swift; sourceTree = "<group>"; };
		294CB196288ED4BD008DD76B /* CastCrewTableViewController.swift */ = {isa = PBXFileReference; lastKnownFileType = sourcecode.swift; path = CastCrewTableViewController.swift; sourceTree = "<group>"; };
		294CB198288EDF0E008DD76B /* CastCrewTableViewCell.swift */ = {isa = PBXFileReference; lastKnownFileType = sourcecode.swift; path = CastCrewTableViewCell.swift; sourceTree = "<group>"; };
		294CB19A288F1FA2008DD76B /* HomeViewController.swift */ = {isa = PBXFileReference; lastKnownFileType = sourcecode.swift; path = HomeViewController.swift; sourceTree = "<group>"; };
		294CB19C288F383A008DD76B /* HomeCollectionViewCell.swift */ = {isa = PBXFileReference; lastKnownFileType = sourcecode.swift; path = HomeCollectionViewCell.swift; sourceTree = "<group>"; };
		29590D3A2888D36E00E351F4 /* PhotoViewController.swift */ = {isa = PBXFileReference; lastKnownFileType = sourcecode.swift; path = PhotoViewController.swift; sourceTree = "<group>"; };
		29590D3C2888D5EE00E351F4 /* PhotoTableViewCell.swift */ = {isa = PBXFileReference; lastKnownFileType = sourcecode.swift; path = PhotoTableViewCell.swift; sourceTree = "<group>"; };
		29590DD72888FFAC00E351F4 /* Poppins-ExtraLight.ttf */ = {isa = PBXFileReference; lastKnownFileType = file; path = "Poppins-ExtraLight.ttf"; sourceTree = "<group>"; };
		29590DD82888FFAC00E351F4 /* Poppins-ThinItalic.ttf */ = {isa = PBXFileReference; lastKnownFileType = file; path = "Poppins-ThinItalic.ttf"; sourceTree = "<group>"; };
		29590DD92888FFAC00E351F4 /* Poppins-ExtraLightItalic.ttf */ = {isa = PBXFileReference; lastKnownFileType = file; path = "Poppins-ExtraLightItalic.ttf"; sourceTree = "<group>"; };
		29590DDA2888FFAC00E351F4 /* Poppins-BoldItalic.ttf */ = {isa = PBXFileReference; lastKnownFileType = file; path = "Poppins-BoldItalic.ttf"; sourceTree = "<group>"; };
		29590DDB2888FFAC00E351F4 /* Poppins-Light.ttf */ = {isa = PBXFileReference; lastKnownFileType = file; path = "Poppins-Light.ttf"; sourceTree = "<group>"; };
		29590DDC2888FFAC00E351F4 /* Poppins-Medium.ttf */ = {isa = PBXFileReference; lastKnownFileType = file; path = "Poppins-Medium.ttf"; sourceTree = "<group>"; };
		29590DDD2888FFAC00E351F4 /* Poppins-SemiBoldItalic.ttf */ = {isa = PBXFileReference; lastKnownFileType = file; path = "Poppins-SemiBoldItalic.ttf"; sourceTree = "<group>"; };
		29590DDE2888FFAC00E351F4 /* Poppins-ExtraBoldItalic.ttf */ = {isa = PBXFileReference; lastKnownFileType = file; path = "Poppins-ExtraBoldItalic.ttf"; sourceTree = "<group>"; };
		29590DDF2888FFAC00E351F4 /* Poppins-ExtraBold.ttf */ = {isa = PBXFileReference; lastKnownFileType = file; path = "Poppins-ExtraBold.ttf"; sourceTree = "<group>"; };
		29590DE02888FFAC00E351F4 /* Poppins-BlackItalic.ttf */ = {isa = PBXFileReference; lastKnownFileType = file; path = "Poppins-BlackItalic.ttf"; sourceTree = "<group>"; };
		29590DE12888FFAC00E351F4 /* Poppins-Regular.ttf */ = {isa = PBXFileReference; lastKnownFileType = file; path = "Poppins-Regular.ttf"; sourceTree = "<group>"; };
		29590DE22888FFAC00E351F4 /* Poppins-LightItalic.ttf */ = {isa = PBXFileReference; lastKnownFileType = file; path = "Poppins-LightItalic.ttf"; sourceTree = "<group>"; };
		29590DE32888FFAC00E351F4 /* Poppins-Bold.ttf */ = {isa = PBXFileReference; lastKnownFileType = file; path = "Poppins-Bold.ttf"; sourceTree = "<group>"; };
		29590DE42888FFAC00E351F4 /* Poppins-Black.ttf */ = {isa = PBXFileReference; lastKnownFileType = file; path = "Poppins-Black.ttf"; sourceTree = "<group>"; };
		29590DE52888FFAC00E351F4 /* Poppins-Thin.ttf */ = {isa = PBXFileReference; lastKnownFileType = file; path = "Poppins-Thin.ttf"; sourceTree = "<group>"; };
		29590DE62888FFAC00E351F4 /* Poppins-SemiBold.ttf */ = {isa = PBXFileReference; lastKnownFileType = file; path = "Poppins-SemiBold.ttf"; sourceTree = "<group>"; };
		29590DE72888FFAC00E351F4 /* Poppins-Italic.ttf */ = {isa = PBXFileReference; lastKnownFileType = file; path = "Poppins-Italic.ttf"; sourceTree = "<group>"; };
		29590DE82888FFAC00E351F4 /* Poppins-MediumItalic.ttf */ = {isa = PBXFileReference; lastKnownFileType = file; path = "Poppins-MediumItalic.ttf"; sourceTree = "<group>"; };
		299BBA27287DCFDF00ADE88D /* CI&T Movie Database.app */ = {isa = PBXFileReference; explicitFileType = wrapper.application; includeInIndex = 0; path = "CI&T Movie Database.app"; sourceTree = BUILT_PRODUCTS_DIR; };
		299BBA2A287DCFDF00ADE88D /* AppDelegate.swift */ = {isa = PBXFileReference; lastKnownFileType = sourcecode.swift; path = AppDelegate.swift; sourceTree = "<group>"; };
		299BBA2C287DCFDF00ADE88D /* SceneDelegate.swift */ = {isa = PBXFileReference; lastKnownFileType = sourcecode.swift; path = SceneDelegate.swift; sourceTree = "<group>"; };
		299BBA2E287DCFDF00ADE88D /* ViewController.swift */ = {isa = PBXFileReference; lastKnownFileType = sourcecode.swift; path = ViewController.swift; sourceTree = "<group>"; };
		299BBA31287DCFDF00ADE88D /* Base */ = {isa = PBXFileReference; lastKnownFileType = file.storyboard; name = Base; path = Base.lproj/Main.storyboard; sourceTree = "<group>"; };
		299BBA33287DCFE100ADE88D /* Assets.xcassets */ = {isa = PBXFileReference; lastKnownFileType = folder.assetcatalog; path = Assets.xcassets; sourceTree = "<group>"; };
		299BBA36287DCFE100ADE88D /* Base */ = {isa = PBXFileReference; lastKnownFileType = file.storyboard; name = Base; path = Base.lproj/LaunchScreen.storyboard; sourceTree = "<group>"; };
		299BBA38287DCFE100ADE88D /* Info.plist */ = {isa = PBXFileReference; lastKnownFileType = text.plist.xml; path = Info.plist; sourceTree = "<group>"; };
		299BBA3F287DD16500ADE88D /* Genre.swift */ = {isa = PBXFileReference; lastKnownFileType = sourcecode.swift; path = Genre.swift; sourceTree = "<group>"; };
		299BBA41287DD18B00ADE88D /* Movie.swift */ = {isa = PBXFileReference; lastKnownFileType = sourcecode.swift; path = Movie.swift; sourceTree = "<group>"; };
		299BBA44287DD82500ADE88D /* MovieDatabase.swift */ = {isa = PBXFileReference; lastKnownFileType = sourcecode.swift; path = MovieDatabase.swift; sourceTree = "<group>"; };
		7FB11A056EAB5BEA2B217FCC /* Pods-CI&T Movie Database.release.xcconfig */ = {isa = PBXFileReference; includeInIndex = 1; lastKnownFileType = text.xcconfig; name = "Pods-CI&T Movie Database.release.xcconfig"; path = "Target Support Files/Pods-CI&T Movie Database/Pods-CI&T Movie Database.release.xcconfig"; sourceTree = "<group>"; };
		B4E3C60AC5108552F3E106EC /* Pods-CI&T Movie Database.debug.xcconfig */ = {isa = PBXFileReference; includeInIndex = 1; lastKnownFileType = text.xcconfig; name = "Pods-CI&T Movie Database.debug.xcconfig"; path = "Target Support Files/Pods-CI&T Movie Database/Pods-CI&T Movie Database.debug.xcconfig"; sourceTree = "<group>"; };
		D5A61851E1101F994A0945CE /* Pods_CI_T_Movie_Database.framework */ = {isa = PBXFileReference; explicitFileType = wrapper.framework; includeInIndex = 0; path = Pods_CI_T_Movie_Database.framework; sourceTree = BUILT_PRODUCTS_DIR; };
/* End PBXFileReference section */

/* Begin PBXFrameworksBuildPhase section */
		299BBA24287DCFDF00ADE88D /* Frameworks */ = {
			isa = PBXFrameworksBuildPhase;
			buildActionMask = 2147483647;
			files = (
				2FCD81763BAF519AEA34FB74 /* Pods_CI_T_Movie_Database.framework in Frameworks */,
			);
			runOnlyForDeploymentPostprocessing = 0;
		};
/* End PBXFrameworksBuildPhase section */

/* Begin PBXGroup section */
		120671BB37D48501582B84A3 /* Pods */ = {
			isa = PBXGroup;
			children = (
				B4E3C60AC5108552F3E106EC /* Pods-CI&T Movie Database.debug.xcconfig */,
				7FB11A056EAB5BEA2B217FCC /* Pods-CI&T Movie Database.release.xcconfig */,
			);
			path = Pods;
			sourceTree = "<group>";
		};
		29590D642888E87600E351F4 /* Fonts */ = {
			isa = PBXGroup;
			children = (
				29590DD62888FFAC00E351F4 /* Poppins */,
			);
			path = Fonts;
			sourceTree = "<group>";
		};
		29590DD62888FFAC00E351F4 /* Poppins */ = {
			isa = PBXGroup;
			children = (
				29590DD72888FFAC00E351F4 /* Poppins-ExtraLight.ttf */,
				29590DD82888FFAC00E351F4 /* Poppins-ThinItalic.ttf */,
				29590DD92888FFAC00E351F4 /* Poppins-ExtraLightItalic.ttf */,
				29590DDA2888FFAC00E351F4 /* Poppins-BoldItalic.ttf */,
				29590DDB2888FFAC00E351F4 /* Poppins-Light.ttf */,
				29590DDC2888FFAC00E351F4 /* Poppins-Medium.ttf */,
				29590DDD2888FFAC00E351F4 /* Poppins-SemiBoldItalic.ttf */,
				29590DDE2888FFAC00E351F4 /* Poppins-ExtraBoldItalic.ttf */,
				29590DDF2888FFAC00E351F4 /* Poppins-ExtraBold.ttf */,
				29590DE02888FFAC00E351F4 /* Poppins-BlackItalic.ttf */,
				29590DE12888FFAC00E351F4 /* Poppins-Regular.ttf */,
				29590DE22888FFAC00E351F4 /* Poppins-LightItalic.ttf */,
				29590DE32888FFAC00E351F4 /* Poppins-Bold.ttf */,
				29590DE42888FFAC00E351F4 /* Poppins-Black.ttf */,
				29590DE52888FFAC00E351F4 /* Poppins-Thin.ttf */,
				29590DE62888FFAC00E351F4 /* Poppins-SemiBold.ttf */,
				29590DE72888FFAC00E351F4 /* Poppins-Italic.ttf */,
				29590DE82888FFAC00E351F4 /* Poppins-MediumItalic.ttf */,
			);
			path = Poppins;
			sourceTree = "<group>";
		};
		299BBA1E287DCFDF00ADE88D = {
			isa = PBXGroup;
			children = (
				299BBA29287DCFDF00ADE88D /* CI&T Movie Database */,
				299BBA28287DCFDF00ADE88D /* Products */,
				120671BB37D48501582B84A3 /* Pods */,
				6C9DC7EA590D849BE1BA178F /* Frameworks */,
			);
			sourceTree = "<group>";
		};
		299BBA28287DCFDF00ADE88D /* Products */ = {
			isa = PBXGroup;
			children = (
				299BBA27287DCFDF00ADE88D /* CI&T Movie Database.app */,
			);
			name = Products;
			sourceTree = "<group>";
		};
		299BBA29287DCFDF00ADE88D /* CI&T Movie Database */ = {
			isa = PBXGroup;
			children = (
				299BBA2A287DCFDF00ADE88D /* AppDelegate.swift */,
				299BBA43287DD7CD00ADE88D /* Database */,
				299BBA2C287DCFDF00ADE88D /* SceneDelegate.swift */,
				299BBA2E287DCFDF00ADE88D /* ViewController.swift */,
				294CB19A288F1FA2008DD76B /* HomeViewController.swift */,
				29590D642888E87600E351F4 /* Fonts */,
				29590D3A2888D36E00E351F4 /* PhotoViewController.swift */,
				294CB196288ED4BD008DD76B /* CastCrewTableViewController.swift */,
				299BBA3E287DD14D00ADE88D /* Model */,
				299BBA30287DCFDF00ADE88D /* Main.storyboard */,
				292BA64228901DCE00C5ABC4 /* MovieDetailViewController.swift */,
				29590D3C2888D5EE00E351F4 /* PhotoTableViewCell.swift */,
				294CB19C288F383A008DD76B /* HomeCollectionViewCell.swift */,
				294CB198288EDF0E008DD76B /* CastCrewTableViewCell.swift */,
				299BBA33287DCFE100ADE88D /* Assets.xcassets */,
				299BBA35287DCFE100ADE88D /* LaunchScreen.storyboard */,
				299BBA38287DCFE100ADE88D /* Info.plist */,
			);
			path = "CI&T Movie Database";
			sourceTree = "<group>";
		};
		299BBA3E287DD14D00ADE88D /* Model */ = {
			isa = PBXGroup;
			children = (
				299BBA3F287DD16500ADE88D /* Genre.swift */,
				299BBA41287DD18B00ADE88D /* Movie.swift */,
			);
			path = Model;
			sourceTree = "<group>";
		};
		299BBA43287DD7CD00ADE88D /* Database */ = {
			isa = PBXGroup;
			children = (
				299BBA44287DD82500ADE88D /* MovieDatabase.swift */,
			);
			path = Database;
			sourceTree = "<group>";
		};
		6C9DC7EA590D849BE1BA178F /* Frameworks */ = {
			isa = PBXGroup;
			children = (
				D5A61851E1101F994A0945CE /* Pods_CI_T_Movie_Database.framework */,
			);
			name = Frameworks;
			sourceTree = "<group>";
		};
/* End PBXGroup section */

/* Begin PBXNativeTarget section */
		299BBA26287DCFDF00ADE88D /* CI&T Movie Database */ = {
			isa = PBXNativeTarget;
			buildConfigurationList = 299BBA3B287DCFE100ADE88D /* Build configuration list for PBXNativeTarget "CI&T Movie Database" */;
			buildPhases = (
				0E1CA4CA8AF413EE3253AF7E /* [CP] Check Pods Manifest.lock */,
				299BBA23287DCFDF00ADE88D /* Sources */,
				299BBA24287DCFDF00ADE88D /* Frameworks */,
				299BBA25287DCFDF00ADE88D /* Resources */,
			);
			buildRules = (
			);
			dependencies = (
			);
			name = "CI&T Movie Database";
			productName = "CI&T Movie Database";
			productReference = 299BBA27287DCFDF00ADE88D /* CI&T Movie Database.app */;
			productType = "com.apple.product-type.application";
		};
/* End PBXNativeTarget section */

/* Begin PBXProject section */
		299BBA1F287DCFDF00ADE88D /* Project object */ = {
			isa = PBXProject;
			attributes = {
				BuildIndependentTargetsInParallel = 1;
				LastSwiftUpdateCheck = 1340;
				LastUpgradeCheck = 1340;
				TargetAttributes = {
					299BBA26287DCFDF00ADE88D = {
						CreatedOnToolsVersion = 13.4.1;
					};
				};
			};
			buildConfigurationList = 299BBA22287DCFDF00ADE88D /* Build configuration list for PBXProject "CI&T Movie Database" */;
			compatibilityVersion = "Xcode 13.0";
			developmentRegion = en;
			hasScannedForEncodings = 0;
			knownRegions = (
				en,
				Base,
			);
			mainGroup = 299BBA1E287DCFDF00ADE88D;
			productRefGroup = 299BBA28287DCFDF00ADE88D /* Products */;
			projectDirPath = "";
			projectRoot = "";
			targets = (
				299BBA26287DCFDF00ADE88D /* CI&T Movie Database */,
			);
		};
/* End PBXProject section */

/* Begin PBXResourcesBuildPhase section */
		299BBA25287DCFDF00ADE88D /* Resources */ = {
			isa = PBXResourcesBuildPhase;
			buildActionMask = 2147483647;
			files = (
				29590DEB2888FFAC00E351F4 /* Poppins-ExtraLightItalic.ttf in Resources */,
				29590DF62888FFAC00E351F4 /* Poppins-Black.ttf in Resources */,
				29590DF42888FFAC00E351F4 /* Poppins-LightItalic.ttf in Resources */,
				29590DF72888FFAC00E351F4 /* Poppins-Thin.ttf in Resources */,
				29590DF22888FFAC00E351F4 /* Poppins-BlackItalic.ttf in Resources */,
				29590DF82888FFAC00E351F4 /* Poppins-SemiBold.ttf in Resources */,
				29590DF52888FFAC00E351F4 /* Poppins-Bold.ttf in Resources */,
				29590DE92888FFAC00E351F4 /* Poppins-ExtraLight.ttf in Resources */,
				29590DEC2888FFAC00E351F4 /* Poppins-BoldItalic.ttf in Resources */,
				29590DED2888FFAC00E351F4 /* Poppins-Light.ttf in Resources */,
				29590DF12888FFAC00E351F4 /* Poppins-ExtraBold.ttf in Resources */,
				299BBA37287DCFE100ADE88D /* LaunchScreen.storyboard in Resources */,
				29590DEF2888FFAC00E351F4 /* Poppins-SemiBoldItalic.ttf in Resources */,
				29590DF02888FFAC00E351F4 /* Poppins-ExtraBoldItalic.ttf in Resources */,
				29590DF32888FFAC00E351F4 /* Poppins-Regular.ttf in Resources */,
				29590DEA2888FFAC00E351F4 /* Poppins-ThinItalic.ttf in Resources */,
				29590DEE2888FFAC00E351F4 /* Poppins-Medium.ttf in Resources */,
				299BBA34287DCFE100ADE88D /* Assets.xcassets in Resources */,
				29590DF92888FFAC00E351F4 /* Poppins-Italic.ttf in Resources */,
				29590DFA2888FFAC00E351F4 /* Poppins-MediumItalic.ttf in Resources */,
				299BBA32287DCFDF00ADE88D /* Main.storyboard in Resources */,
			);
			runOnlyForDeploymentPostprocessing = 0;
		};
/* End PBXResourcesBuildPhase section */

/* Begin PBXShellScriptBuildPhase section */
		0E1CA4CA8AF413EE3253AF7E /* [CP] Check Pods Manifest.lock */ = {
			isa = PBXShellScriptBuildPhase;
			buildActionMask = 2147483647;
			files = (
			);
			inputFileListPaths = (
			);
			inputPaths = (
				"${PODS_PODFILE_DIR_PATH}/Podfile.lock",
				"${PODS_ROOT}/Manifest.lock",
			);
			name = "[CP] Check Pods Manifest.lock";
			outputFileListPaths = (
			);
			outputPaths = (
				"$(DERIVED_FILE_DIR)/Pods-CI&T Movie Database-checkManifestLockResult.txt",
			);
			runOnlyForDeploymentPostprocessing = 0;
			shellPath = /bin/sh;
			shellScript = "diff \"${PODS_PODFILE_DIR_PATH}/Podfile.lock\" \"${PODS_ROOT}/Manifest.lock\" > /dev/null\nif [ $? != 0 ] ; then\n    # print error to STDERR\n    echo \"error: The sandbox is not in sync with the Podfile.lock. Run 'pod install' or update your CocoaPods installation.\" >&2\n    exit 1\nfi\n# This output is used by Xcode 'outputs' to avoid re-running this script phase.\necho \"SUCCESS\" > \"${SCRIPT_OUTPUT_FILE_0}\"\n";
			showEnvVarsInLog = 0;
		};
/* End PBXShellScriptBuildPhase section */

/* Begin PBXSourcesBuildPhase section */
		299BBA23287DCFDF00ADE88D /* Sources */ = {
			isa = PBXSourcesBuildPhase;
			buildActionMask = 2147483647;
			files = (
				29590D3D2888D5EE00E351F4 /* PhotoTableViewCell.swift in Sources */,
				299BBA2F287DCFDF00ADE88D /* ViewController.swift in Sources */,
				299BBA2B287DCFDF00ADE88D /* AppDelegate.swift in Sources */,
				299BBA2D287DCFDF00ADE88D /* SceneDelegate.swift in Sources */,
				292BA64328901DCE00C5ABC4 /* MovieDetailViewController.swift in Sources */,
				299BBA45287DD82500ADE88D /* MovieDatabase.swift in Sources */,
				294CB199288EDF0E008DD76B /* CastCrewTableViewCell.swift in Sources */,
				29590D3B2888D36E00E351F4 /* PhotoViewController.swift in Sources */,
				294CB19B288F1FA2008DD76B /* HomeViewController.swift in Sources */,
				299BBA40287DD16500ADE88D /* Genre.swift in Sources */,
				294CB197288ED4BD008DD76B /* CastCrewTableViewController.swift in Sources */,
				299BBA42287DD18B00ADE88D /* Movie.swift in Sources */,
				294CB19D288F383A008DD76B /* HomeCollectionViewCell.swift in Sources */,
			);
			runOnlyForDeploymentPostprocessing = 0;
		};
/* End PBXSourcesBuildPhase section */

/* Begin PBXVariantGroup section */
		299BBA30287DCFDF00ADE88D /* Main.storyboard */ = {
			isa = PBXVariantGroup;
			children = (
				299BBA31287DCFDF00ADE88D /* Base */,
			);
			name = Main.storyboard;
			sourceTree = "<group>";
		};
		299BBA35287DCFE100ADE88D /* LaunchScreen.storyboard */ = {
			isa = PBXVariantGroup;
			children = (
				299BBA36287DCFE100ADE88D /* Base */,
			);
			name = LaunchScreen.storyboard;
			sourceTree = "<group>";
		};
/* End PBXVariantGroup section */

/* Begin XCBuildConfiguration section */
		299BBA39287DCFE100ADE88D /* Debug */ = {
			isa = XCBuildConfiguration;
			buildSettings = {
				ALWAYS_SEARCH_USER_PATHS = NO;
				CLANG_ANALYZER_NONNULL = YES;
				CLANG_ANALYZER_NUMBER_OBJECT_CONVERSION = YES_AGGRESSIVE;
				CLANG_CXX_LANGUAGE_STANDARD = "gnu++17";
				CLANG_ENABLE_MODULES = YES;
				CLANG_ENABLE_OBJC_ARC = YES;
				CLANG_ENABLE_OBJC_WEAK = YES;
				CLANG_WARN_BLOCK_CAPTURE_AUTORELEASING = YES;
				CLANG_WARN_BOOL_CONVERSION = YES;
				CLANG_WARN_COMMA = YES;
				CLANG_WARN_CONSTANT_CONVERSION = YES;
				CLANG_WARN_DEPRECATED_OBJC_IMPLEMENTATIONS = YES;
				CLANG_WARN_DIRECT_OBJC_ISA_USAGE = YES_ERROR;
				CLANG_WARN_DOCUMENTATION_COMMENTS = YES;
				CLANG_WARN_EMPTY_BODY = YES;
				CLANG_WARN_ENUM_CONVERSION = YES;
				CLANG_WARN_INFINITE_RECURSION = YES;
				CLANG_WARN_INT_CONVERSION = YES;
				CLANG_WARN_NON_LITERAL_NULL_CONVERSION = YES;
				CLANG_WARN_OBJC_IMPLICIT_RETAIN_SELF = YES;
				CLANG_WARN_OBJC_LITERAL_CONVERSION = YES;
				CLANG_WARN_OBJC_ROOT_CLASS = YES_ERROR;
				CLANG_WARN_QUOTED_INCLUDE_IN_FRAMEWORK_HEADER = YES;
				CLANG_WARN_RANGE_LOOP_ANALYSIS = YES;
				CLANG_WARN_STRICT_PROTOTYPES = YES;
				CLANG_WARN_SUSPICIOUS_MOVE = YES;
				CLANG_WARN_UNGUARDED_AVAILABILITY = YES_AGGRESSIVE;
				CLANG_WARN_UNREACHABLE_CODE = YES;
				CLANG_WARN__DUPLICATE_METHOD_MATCH = YES;
				COPY_PHASE_STRIP = NO;
				DEBUG_INFORMATION_FORMAT = dwarf;
				ENABLE_STRICT_OBJC_MSGSEND = YES;
				ENABLE_TESTABILITY = YES;
				GCC_C_LANGUAGE_STANDARD = gnu11;
				GCC_DYNAMIC_NO_PIC = NO;
				GCC_NO_COMMON_BLOCKS = YES;
				GCC_OPTIMIZATION_LEVEL = 0;
				GCC_PREPROCESSOR_DEFINITIONS = (
					"DEBUG=1",
					"$(inherited)",
				);
				GCC_WARN_64_TO_32_BIT_CONVERSION = YES;
				GCC_WARN_ABOUT_RETURN_TYPE = YES_ERROR;
				GCC_WARN_UNDECLARED_SELECTOR = YES;
				GCC_WARN_UNINITIALIZED_AUTOS = YES_AGGRESSIVE;
				GCC_WARN_UNUSED_FUNCTION = YES;
				GCC_WARN_UNUSED_VARIABLE = YES;
				IPHONEOS_DEPLOYMENT_TARGET = 15.5;
				MTL_ENABLE_DEBUG_INFO = INCLUDE_SOURCE;
				MTL_FAST_MATH = YES;
				ONLY_ACTIVE_ARCH = YES;
				SDKROOT = iphoneos;
				SWIFT_ACTIVE_COMPILATION_CONDITIONS = DEBUG;
				SWIFT_OPTIMIZATION_LEVEL = "-Onone";
			};
			name = Debug;
		};
		299BBA3A287DCFE100ADE88D /* Release */ = {
			isa = XCBuildConfiguration;
			buildSettings = {
				ALWAYS_SEARCH_USER_PATHS = NO;
				CLANG_ANALYZER_NONNULL = YES;
				CLANG_ANALYZER_NUMBER_OBJECT_CONVERSION = YES_AGGRESSIVE;
				CLANG_CXX_LANGUAGE_STANDARD = "gnu++17";
				CLANG_ENABLE_MODULES = YES;
				CLANG_ENABLE_OBJC_ARC = YES;
				CLANG_ENABLE_OBJC_WEAK = YES;
				CLANG_WARN_BLOCK_CAPTURE_AUTORELEASING = YES;
				CLANG_WARN_BOOL_CONVERSION = YES;
				CLANG_WARN_COMMA = YES;
				CLANG_WARN_CONSTANT_CONVERSION = YES;
				CLANG_WARN_DEPRECATED_OBJC_IMPLEMENTATIONS = YES;
				CLANG_WARN_DIRECT_OBJC_ISA_USAGE = YES_ERROR;
				CLANG_WARN_DOCUMENTATION_COMMENTS = YES;
				CLANG_WARN_EMPTY_BODY = YES;
				CLANG_WARN_ENUM_CONVERSION = YES;
				CLANG_WARN_INFINITE_RECURSION = YES;
				CLANG_WARN_INT_CONVERSION = YES;
				CLANG_WARN_NON_LITERAL_NULL_CONVERSION = YES;
				CLANG_WARN_OBJC_IMPLICIT_RETAIN_SELF = YES;
				CLANG_WARN_OBJC_LITERAL_CONVERSION = YES;
				CLANG_WARN_OBJC_ROOT_CLASS = YES_ERROR;
				CLANG_WARN_QUOTED_INCLUDE_IN_FRAMEWORK_HEADER = YES;
				CLANG_WARN_RANGE_LOOP_ANALYSIS = YES;
				CLANG_WARN_STRICT_PROTOTYPES = YES;
				CLANG_WARN_SUSPICIOUS_MOVE = YES;
				CLANG_WARN_UNGUARDED_AVAILABILITY = YES_AGGRESSIVE;
				CLANG_WARN_UNREACHABLE_CODE = YES;
				CLANG_WARN__DUPLICATE_METHOD_MATCH = YES;
				COPY_PHASE_STRIP = NO;
				DEBUG_INFORMATION_FORMAT = "dwarf-with-dsym";
				ENABLE_NS_ASSERTIONS = NO;
				ENABLE_STRICT_OBJC_MSGSEND = YES;
				GCC_C_LANGUAGE_STANDARD = gnu11;
				GCC_NO_COMMON_BLOCKS = YES;
				GCC_WARN_64_TO_32_BIT_CONVERSION = YES;
				GCC_WARN_ABOUT_RETURN_TYPE = YES_ERROR;
				GCC_WARN_UNDECLARED_SELECTOR = YES;
				GCC_WARN_UNINITIALIZED_AUTOS = YES_AGGRESSIVE;
				GCC_WARN_UNUSED_FUNCTION = YES;
				GCC_WARN_UNUSED_VARIABLE = YES;
				IPHONEOS_DEPLOYMENT_TARGET = 15.5;
				MTL_ENABLE_DEBUG_INFO = NO;
				MTL_FAST_MATH = YES;
				SDKROOT = iphoneos;
				SWIFT_COMPILATION_MODE = wholemodule;
				SWIFT_OPTIMIZATION_LEVEL = "-O";
				VALIDATE_PRODUCT = YES;
			};
			name = Release;
		};
		299BBA3C287DCFE100ADE88D /* Debug */ = {
			isa = XCBuildConfiguration;
			baseConfigurationReference = B4E3C60AC5108552F3E106EC /* Pods-CI&T Movie Database.debug.xcconfig */;
			buildSettings = {
				ASSETCATALOG_COMPILER_APPICON_NAME = AppIcon;
				ASSETCATALOG_COMPILER_GLOBAL_ACCENT_COLOR_NAME = AccentColor;
				CODE_SIGN_STYLE = Automatic;
				CURRENT_PROJECT_VERSION = 1;
				GENERATE_INFOPLIST_FILE = YES;
				INFOPLIST_FILE = "CI&T Movie Database/Info.plist";
				INFOPLIST_KEY_UIApplicationSupportsIndirectInputEvents = YES;
				INFOPLIST_KEY_UILaunchStoryboardName = LaunchScreen;
				INFOPLIST_KEY_UIMainStoryboardFile = Main;
				INFOPLIST_KEY_UISupportedInterfaceOrientations_iPad = "UIInterfaceOrientationPortrait UIInterfaceOrientationPortraitUpsideDown UIInterfaceOrientationLandscapeLeft UIInterfaceOrientationLandscapeRight";
				INFOPLIST_KEY_UISupportedInterfaceOrientations_iPhone = "UIInterfaceOrientationPortrait UIInterfaceOrientationLandscapeLeft UIInterfaceOrientationLandscapeRight";
				LD_RUNPATH_SEARCH_PATHS = (
					"$(inherited)",
					"@executable_path/Frameworks",
				);
				MARKETING_VERSION = 1.0;
				PRODUCT_BUNDLE_IDENTIFIER = "com.ciandt.CI-T-Movie-Database";
				PRODUCT_NAME = "$(TARGET_NAME)";
				SWIFT_EMIT_LOC_STRINGS = YES;
				SWIFT_VERSION = 5.0;
				TARGETED_DEVICE_FAMILY = "1,2";
			};
			name = Debug;
		};
		299BBA3D287DCFE100ADE88D /* Release */ = {
			isa = XCBuildConfiguration;
			baseConfigurationReference = 7FB11A056EAB5BEA2B217FCC /* Pods-CI&T Movie Database.release.xcconfig */;
			buildSettings = {
				ASSETCATALOG_COMPILER_APPICON_NAME = AppIcon;
				ASSETCATALOG_COMPILER_GLOBAL_ACCENT_COLOR_NAME = AccentColor;
				CODE_SIGN_STYLE = Automatic;
				CURRENT_PROJECT_VERSION = 1;
				GENERATE_INFOPLIST_FILE = YES;
				INFOPLIST_FILE = "CI&T Movie Database/Info.plist";
				INFOPLIST_KEY_UIApplicationSupportsIndirectInputEvents = YES;
				INFOPLIST_KEY_UILaunchStoryboardName = LaunchScreen;
				INFOPLIST_KEY_UIMainStoryboardFile = Main;
				INFOPLIST_KEY_UISupportedInterfaceOrientations_iPad = "UIInterfaceOrientationPortrait UIInterfaceOrientationPortraitUpsideDown UIInterfaceOrientationLandscapeLeft UIInterfaceOrientationLandscapeRight";
				INFOPLIST_KEY_UISupportedInterfaceOrientations_iPhone = "UIInterfaceOrientationPortrait UIInterfaceOrientationLandscapeLeft UIInterfaceOrientationLandscapeRight";
				LD_RUNPATH_SEARCH_PATHS = (
					"$(inherited)",
					"@executable_path/Frameworks",
				);
				MARKETING_VERSION = 1.0;
				PRODUCT_BUNDLE_IDENTIFIER = "com.ciandt.CI-T-Movie-Database";
				PRODUCT_NAME = "$(TARGET_NAME)";
				SWIFT_EMIT_LOC_STRINGS = YES;
				SWIFT_VERSION = 5.0;
				TARGETED_DEVICE_FAMILY = "1,2";
			};
			name = Release;
		};
/* End XCBuildConfiguration section */

/* Begin XCConfigurationList section */
		299BBA22287DCFDF00ADE88D /* Build configuration list for PBXProject "CI&T Movie Database" */ = {
			isa = XCConfigurationList;
			buildConfigurations = (
				299BBA39287DCFE100ADE88D /* Debug */,
				299BBA3A287DCFE100ADE88D /* Release */,
			);
			defaultConfigurationIsVisible = 0;
			defaultConfigurationName = Release;
		};
		299BBA3B287DCFE100ADE88D /* Build configuration list for PBXNativeTarget "CI&T Movie Database" */ = {
			isa = XCConfigurationList;
			buildConfigurations = (
				299BBA3C287DCFE100ADE88D /* Debug */,
				299BBA3D287DCFE100ADE88D /* Release */,
			);
			defaultConfigurationIsVisible = 0;
			defaultConfigurationName = Release;
		};
/* End XCConfigurationList section */
	};
	rootObject = 299BBA1F287DCFDF00ADE88D /* Project object */;
}
